// !$*UTF8*$!
{
	archiveVersion = 1;
	classes = {
	};
	objectVersion = 46;
	objects = {

/* Begin PBXBuildFile section */
		4FDBCE2705C705C5C3600BE3 /* Pods_IosCompras.framework in Frameworks */ = {isa = PBXBuildFile; fileRef = AA1CFEB283E55BA8D057C56F /* Pods_IosCompras.framework */; };
		656BF0621ED4EE43006DC58C /* Lista.swift in Sources */ = {isa = PBXBuildFile; fileRef = 656BF0611ED4EE43006DC58C /* Lista.swift */; };
		656BF0641ED4EF0C006DC58C /* ItemLista.swift in Sources */ = {isa = PBXBuildFile; fileRef = 656BF0631ED4EF0C006DC58C /* ItemLista.swift */; };
		B6851A3B1ECCA0EE00CFA1A6 /* LoginViewController.swift in Sources */ = {isa = PBXBuildFile; fileRef = B6851A3A1ECCA0EE00CFA1A6 /* LoginViewController.swift */; };
		B6851A3F1ECCA15700CFA1A6 /* HomeTableViewController.swift in Sources */ = {isa = PBXBuildFile; fileRef = B6851A3E1ECCA15700CFA1A6 /* HomeTableViewController.swift */; };
		B6E754761ECBBE420054BF19 /* AppDelegate.swift in Sources */ = {isa = PBXBuildFile; fileRef = B6E754751ECBBE420054BF19 /* AppDelegate.swift */; };
		B6E7547B1ECBBE420054BF19 /* Main.storyboard in Resources */ = {isa = PBXBuildFile; fileRef = B6E754791ECBBE420054BF19 /* Main.storyboard */; };
		B6E7547D1ECBBE420054BF19 /* Assets.xcassets in Resources */ = {isa = PBXBuildFile; fileRef = B6E7547C1ECBBE420054BF19 /* Assets.xcassets */; };
		B6E754801ECBBE420054BF19 /* LaunchScreen.storyboard in Resources */ = {isa = PBXBuildFile; fileRef = B6E7547E1ECBBE420054BF19 /* LaunchScreen.storyboard */; };
		B6E754881ECBC0EB0054BF19 /* GoogleService-Info.plist in Resources */ = {isa = PBXBuildFile; fileRef = B6E754871ECBC0EB0054BF19 /* GoogleService-Info.plist */; };
/* End PBXBuildFile section */

/* Begin PBXFileReference section */
		656BF0611ED4EE43006DC58C /* Lista.swift */ = {isa = PBXFileReference; fileEncoding = 4; lastKnownFileType = sourcecode.swift; path = Lista.swift; sourceTree = "<group>"; };
		656BF0631ED4EF0C006DC58C /* ItemLista.swift */ = {isa = PBXFileReference; fileEncoding = 4; lastKnownFileType = sourcecode.swift; path = ItemLista.swift; sourceTree = "<group>"; };
		65E7FA6551434EBD0106A19B /* Pods-IosCompras.debug.xcconfig */ = {isa = PBXFileReference; includeInIndex = 1; lastKnownFileType = text.xcconfig; name = "Pods-IosCompras.debug.xcconfig"; path = "Pods/Target Support Files/Pods-IosCompras/Pods-IosCompras.debug.xcconfig"; sourceTree = "<group>"; };
		AA1CFEB283E55BA8D057C56F /* Pods_IosCompras.framework */ = {isa = PBXFileReference; explicitFileType = wrapper.framework; includeInIndex = 0; path = Pods_IosCompras.framework; sourceTree = BUILT_PRODUCTS_DIR; };
		B6851A3A1ECCA0EE00CFA1A6 /* LoginViewController.swift */ = {isa = PBXFileReference; fileEncoding = 4; lastKnownFileType = sourcecode.swift; path = LoginViewController.swift; sourceTree = "<group>"; };
		B6851A3E1ECCA15700CFA1A6 /* HomeTableViewController.swift */ = {isa = PBXFileReference; fileEncoding = 4; lastKnownFileType = sourcecode.swift; path = HomeTableViewController.swift; sourceTree = "<group>"; };
		B6E754721ECBBE420054BF19 /* IosCompras.app */ = {isa = PBXFileReference; explicitFileType = wrapper.application; includeInIndex = 0; path = IosCompras.app; sourceTree = BUILT_PRODUCTS_DIR; };
		B6E754751ECBBE420054BF19 /* AppDelegate.swift */ = {isa = PBXFileReference; lastKnownFileType = sourcecode.swift; path = AppDelegate.swift; sourceTree = "<group>"; };
		B6E7547A1ECBBE420054BF19 /* Base */ = {isa = PBXFileReference; lastKnownFileType = file.storyboard; name = Base; path = Base.lproj/Main.storyboard; sourceTree = "<group>"; };
		B6E7547C1ECBBE420054BF19 /* Assets.xcassets */ = {isa = PBXFileReference; lastKnownFileType = folder.assetcatalog; path = Assets.xcassets; sourceTree = "<group>"; };
		B6E7547F1ECBBE420054BF19 /* Base */ = {isa = PBXFileReference; lastKnownFileType = file.storyboard; name = Base; path = Base.lproj/LaunchScreen.storyboard; sourceTree = "<group>"; };
		B6E754811ECBBE420054BF19 /* Info.plist */ = {isa = PBXFileReference; lastKnownFileType = text.plist.xml; path = Info.plist; sourceTree = "<group>"; };
		B6E754871ECBC0EB0054BF19 /* GoogleService-Info.plist */ = {isa = PBXFileReference; fileEncoding = 4; lastKnownFileType = text.plist.xml; path = "GoogleService-Info.plist"; sourceTree = "<group>"; };
		FE8BD5A72A332A8DDD4EECC0 /* Pods-IosCompras.release.xcconfig */ = {isa = PBXFileReference; includeInIndex = 1; lastKnownFileType = text.xcconfig; name = "Pods-IosCompras.release.xcconfig"; path = "Pods/Target Support Files/Pods-IosCompras/Pods-IosCompras.release.xcconfig"; sourceTree = "<group>"; };
/* End PBXFileReference section */

/* Begin PBXFrameworksBuildPhase section */
		B6E7546F1ECBBE420054BF19 /* Frameworks */ = {
			isa = PBXFrameworksBuildPhase;
			buildActionMask = 2147483647;
			files = (
				4FDBCE2705C705C5C3600BE3 /* Pods_IosCompras.framework in Frameworks */,
			);
			runOnlyForDeploymentPostprocessing = 0;
		};
/* End PBXFrameworksBuildPhase section */

/* Begin PBXGroup section */
		5DB6EA159C75E7A0796B9B06 /* Pods */ = {
			isa = PBXGroup;
			children = (
				65E7FA6551434EBD0106A19B /* Pods-IosCompras.debug.xcconfig */,
				FE8BD5A72A332A8DDD4EECC0 /* Pods-IosCompras.release.xcconfig */,
			);
			name = Pods;
			sourceTree = "<group>";
		};
		656BF0601ED4EE27006DC58C /* Bean */ = {
			isa = PBXGroup;
			children = (
				656BF0611ED4EE43006DC58C /* Lista.swift */,
				656BF0631ED4EF0C006DC58C /* ItemLista.swift */,
			);
			name = Bean;
			sourceTree = "<group>";
		};
		7AC12931DCE5F81D1BA53314 /* Frameworks */ = {
			isa = PBXGroup;
			children = (
				AA1CFEB283E55BA8D057C56F /* Pods_IosCompras.framework */,
			);
			name = Frameworks;
			sourceTree = "<group>";
		};
		B6851A3C1ECCA10500CFA1A6 /* Login */ = {
			isa = PBXGroup;
			children = (
				B6851A3A1ECCA0EE00CFA1A6 /* LoginViewController.swift */,
			);
			name = Login;
			sourceTree = "<group>";
		};
		B6851A3D1ECCA12500CFA1A6 /* Home */ = {
			isa = PBXGroup;
			children = (
				B6851A3E1ECCA15700CFA1A6 /* HomeTableViewController.swift */,
			);
			name = Home;
			sourceTree = "<group>";
		};
		B6E754691ECBBE420054BF19 = {
			isa = PBXGroup;
			children = (
				B6E754741ECBBE420054BF19 /* IosCompras */,
				B6E754731ECBBE420054BF19 /* Products */,
				5DB6EA159C75E7A0796B9B06 /* Pods */,
				7AC12931DCE5F81D1BA53314 /* Frameworks */,
			);
			sourceTree = "<group>";
		};
		B6E754731ECBBE420054BF19 /* Products */ = {
			isa = PBXGroup;
			children = (
				B6E754721ECBBE420054BF19 /* IosCompras.app */,
			);
			name = Products;
			sourceTree = "<group>";
		};
		B6E754741ECBBE420054BF19 /* IosCompras */ = {
			isa = PBXGroup;
			children = (
				656BF0601ED4EE27006DC58C /* Bean */,
				B6851A3D1ECCA12500CFA1A6 /* Home */,
				B6851A3C1ECCA10500CFA1A6 /* Login */,
				B6E754751ECBBE420054BF19 /* AppDelegate.swift */,
				B6E754791ECBBE420054BF19 /* Main.storyboard */,
				B6E7547C1ECBBE420054BF19 /* Assets.xcassets */,
				B6E7547E1ECBBE420054BF19 /* LaunchScreen.storyboard */,
				B6E754811ECBBE420054BF19 /* Info.plist */,
				B6E754871ECBC0EB0054BF19 /* GoogleService-Info.plist */,
			);
			path = IosCompras;
			sourceTree = "<group>";
		};
/* End PBXGroup section */

/* Begin PBXNativeTarget section */
		B6E754711ECBBE420054BF19 /* IosCompras */ = {
			isa = PBXNativeTarget;
			buildConfigurationList = B6E754841ECBBE420054BF19 /* Build configuration list for PBXNativeTarget "IosCompras" */;
			buildPhases = (
				590A6C86F9C6888A72F4BAB1 /* [CP] Check Pods Manifest.lock */,
				B6E7546E1ECBBE420054BF19 /* Sources */,
				B6E7546F1ECBBE420054BF19 /* Frameworks */,
				B6E754701ECBBE420054BF19 /* Resources */,
				AFFA5C9AA6D6BA22558A509D /* [CP] Embed Pods Frameworks */,
				9AAEF564A194E2B99CD442EB /* [CP] Copy Pods Resources */,
			);
			buildRules = (
			);
			dependencies = (
			);
			name = IosCompras;
			productName = IosCompras;
			productReference = B6E754721ECBBE420054BF19 /* IosCompras.app */;
			productType = "com.apple.product-type.application";
		};
/* End PBXNativeTarget section */

/* Begin PBXProject section */
		B6E7546A1ECBBE420054BF19 /* Project object */ = {
			isa = PBXProject;
			attributes = {
				LastSwiftUpdateCheck = 0830;
				LastUpgradeCheck = 0830;
				ORGANIZATIONNAME = "Matheus Aguiar";
				TargetAttributes = {
					B6E754711ECBBE420054BF19 = {
						CreatedOnToolsVersion = 8.3.2;
						DevelopmentTeam = TM2QSAWLP8;
						ProvisioningStyle = Automatic;
					};
				};
			};
			buildConfigurationList = B6E7546D1ECBBE420054BF19 /* Build configuration list for PBXProject "IosCompras" */;
			compatibilityVersion = "Xcode 3.2";
			developmentRegion = English;
			hasScannedForEncodings = 0;
			knownRegions = (
				en,
				Base,
			);
			mainGroup = B6E754691ECBBE420054BF19;
			productRefGroup = B6E754731ECBBE420054BF19 /* Products */;
			projectDirPath = "";
			projectRoot = "";
			targets = (
				B6E754711ECBBE420054BF19 /* IosCompras */,
			);
		};
/* End PBXProject section */

/* Begin PBXResourcesBuildPhase section */
		B6E754701ECBBE420054BF19 /* Resources */ = {
			isa = PBXResourcesBuildPhase;
			buildActionMask = 2147483647;
			files = (
				B6E754801ECBBE420054BF19 /* LaunchScreen.storyboard in Resources */,
				B6E754881ECBC0EB0054BF19 /* GoogleService-Info.plist in Resources */,
				B6E7547D1ECBBE420054BF19 /* Assets.xcassets in Resources */,
				B6E7547B1ECBBE420054BF19 /* Main.storyboard in Resources */,
			);
			runOnlyForDeploymentPostprocessing = 0;
		};
/* End PBXResourcesBuildPhase section */

/* Begin PBXShellScriptBuildPhase section */
		590A6C86F9C6888A72F4BAB1 /* [CP] Check Pods Manifest.lock */ = {
			isa = PBXShellScriptBuildPhase;
			buildActionMask = 2147483647;
			files = (
			);
			inputPaths = (
			);
			name = "[CP] Check Pods Manifest.lock";
			outputPaths = (
			);
			runOnlyForDeploymentPostprocessing = 0;
			shellPath = /bin/sh;
			shellScript = "diff \"${PODS_PODFILE_DIR_PATH}/Podfile.lock\" \"${PODS_ROOT}/Manifest.lock\" > /dev/null\nif [ $? != 0 ] ; then\n    # print error to STDERR\n    echo \"error: The sandbox is not in sync with the Podfile.lock. Run 'pod install' or update your CocoaPods installation.\" >&2\n    exit 1\nfi\n";
			showEnvVarsInLog = 0;
		};
		9AAEF564A194E2B99CD442EB /* [CP] Copy Pods Resources */ = {
			isa = PBXShellScriptBuildPhase;
			buildActionMask = 2147483647;
			files = (
			);
			inputPaths = (
			);
			name = "[CP] Copy Pods Resources";
			outputPaths = (
			);
			runOnlyForDeploymentPostprocessing = 0;
			shellPath = /bin/sh;
			shellScript = "\"${SRCROOT}/Pods/Target Support Files/Pods-IosCompras/Pods-IosCompras-resources.sh\"\n";
			showEnvVarsInLog = 0;
		};
		AFFA5C9AA6D6BA22558A509D /* [CP] Embed Pods Frameworks */ = {
			isa = PBXShellScriptBuildPhase;
			buildActionMask = 2147483647;
			files = (
			);
			inputPaths = (
			);
			name = "[CP] Embed Pods Frameworks";
			outputPaths = (
			);
			runOnlyForDeploymentPostprocessing = 0;
			shellPath = /bin/sh;
			shellScript = "\"${SRCROOT}/Pods/Target Support Files/Pods-IosCompras/Pods-IosCompras-frameworks.sh\"\n";
			showEnvVarsInLog = 0;
		};
/* End PBXShellScriptBuildPhase section */

/* Begin PBXSourcesBuildPhase section */
		B6E7546E1ECBBE420054BF19 /* Sources */ = {
			isa = PBXSourcesBuildPhase;
			buildActionMask = 2147483647;
			files = (
				656BF0641ED4EF0C006DC58C /* ItemLista.swift in Sources */,
				B6851A3F1ECCA15700CFA1A6 /* HomeTableViewController.swift in Sources */,
				B6851A3B1ECCA0EE00CFA1A6 /* LoginViewController.swift in Sources */,
				B6E754761ECBBE420054BF19 /* AppDelegate.swift in Sources */,
				656BF0621ED4EE43006DC58C /* Lista.swift in Sources */,
			);
			runOnlyForDeploymentPostprocessing = 0;
		};
/* End PBXSourcesBuildPhase section */

/* Begin PBXVariantGroup section */
		B6E754791ECBBE420054BF19 /* Main.storyboard */ = {
			isa = PBXVariantGroup;
			children = (
				B6E7547A1ECBBE420054BF19 /* Base */,
			);
			name = Main.storyboard;
			sourceTree = "<group>";
		};
		B6E7547E1ECBBE420054BF19 /* LaunchScreen.storyboard */ = {
			isa = PBXVariantGroup;
			children = (
				B6E7547F1ECBBE420054BF19 /* Base */,
			);
			name = LaunchScreen.storyboard;
			sourceTree = "<group>";
		};
/* End PBXVariantGroup section */

/* Begin XCBuildConfiguration section */
		B6E754821ECBBE420054BF19 /* Debug */ = {
			isa = XCBuildConfiguration;
			buildSettings = {
				ALWAYS_SEARCH_USER_PATHS = NO;
				CLANG_ANALYZER_NONNULL = YES;
				CLANG_ANALYZER_NUMBER_OBJECT_CONVERSION = YES_AGGRESSIVE;
				CLANG_CXX_LANGUAGE_STANDARD = "gnu++0x";
				CLANG_CXX_LIBRARY = "libc++";
				CLANG_ENABLE_MODULES = YES;
				CLANG_ENABLE_OBJC_ARC = YES;
				CLANG_WARN_BOOL_CONVERSION = YES;
				CLANG_WARN_CONSTANT_CONVERSION = YES;
				CLANG_WARN_DIRECT_OBJC_ISA_USAGE = YES_ERROR;
				CLANG_WARN_DOCUMENTATION_COMMENTS = YES;
				CLANG_WARN_EMPTY_BODY = YES;
				CLANG_WARN_ENUM_CONVERSION = YES;
				CLANG_WARN_INFINITE_RECURSION = YES;
				CLANG_WARN_INT_CONVERSION = YES;
				CLANG_WARN_OBJC_ROOT_CLASS = YES_ERROR;
				CLANG_WARN_SUSPICIOUS_MOVE = YES;
				CLANG_WARN_UNREACHABLE_CODE = YES;
				CLANG_WARN__DUPLICATE_METHOD_MATCH = YES;
				"CODE_SIGN_IDENTITY[sdk=iphoneos*]" = "iPhone Developer";
				COPY_PHASE_STRIP = NO;
				DEBUG_INFORMATION_FORMAT = dwarf;
				ENABLE_STRICT_OBJC_MSGSEND = YES;
				ENABLE_TESTABILITY = YES;
				GCC_C_LANGUAGE_STANDARD = gnu99;
				GCC_DYNAMIC_NO_PIC = NO;
				GCC_NO_COMMON_BLOCKS = YES;
				GCC_OPTIMIZATION_LEVEL = 0;
				GCC_PREPROCESSOR_DEFINITIONS = (
					"DEBUG=1",
					"$(inherited)",
				);
				GCC_WARN_64_TO_32_BIT_CONVERSION = YES;
				GCC_WARN_ABOUT_RETURN_TYPE = YES_ERROR;
				GCC_WARN_UNDECLARED_SELECTOR = YES;
				GCC_WARN_UNINITIALIZED_AUTOS = YES_AGGRESSIVE;
				GCC_WARN_UNUSED_FUNCTION = YES;
				GCC_WARN_UNUSED_VARIABLE = YES;
				IPHONEOS_DEPLOYMENT_TARGET = 10.3;
				MTL_ENABLE_DEBUG_INFO = YES;
				ONLY_ACTIVE_ARCH = YES;
				SDKROOT = iphoneos;
				SWIFT_ACTIVE_COMPILATION_CONDITIONS = DEBUG;
				SWIFT_OPTIMIZATION_LEVEL = "-Onone";
			};
			name = Debug;
		};
		B6E754831ECBBE420054BF19 /* Release */ = {
			isa = XCBuildConfiguration;
			buildSettings = {
				ALWAYS_SEARCH_USER_PATHS = NO;
				CLANG_ANALYZER_NONNULL = YES;
				CLANG_ANALYZER_NUMBER_OBJECT_CONVERSION = YES_AGGRESSIVE;
				CLANG_CXX_LANGUAGE_STANDARD = "gnu++0x";
				CLANG_CXX_LIBRARY = "libc++";
				CLANG_ENABLE_MODULES = YES;
				CLANG_ENABLE_OBJC_ARC = YES;
				CLANG_WARN_BOOL_CONVERSION = YES;
				CLANG_WARN_CONSTANT_CONVERSION = YES;
				CLANG_WARN_DIRECT_OBJC_ISA_USAGE = YES_ERROR;
				CLANG_WARN_DOCUMENTATION_COMMENTS = YES;
				CLANG_WARN_EMPTY_BODY = YES;
				CLANG_WARN_ENUM_CONVERSION = YES;
				CLANG_WARN_INFINITE_RECURSION = YES;
				CLANG_WARN_INT_CONVERSION = YES;
				CLANG_WARN_OBJC_ROOT_CLASS = YES_ERROR;
				CLANG_WARN_SUSPICIOUS_MOVE = YES;
				CLANG_WARN_UNREACHABLE_CODE = YES;
				CLANG_WARN__DUPLICATE_METHOD_MATCH = YES;
				"CODE_SIGN_IDENTITY[sdk=iphoneos*]" = "iPhone Developer";
				COPY_PHASE_STRIP = NO;
				DEBUG_INFORMATION_FORMAT = "dwarf-with-dsym";
				ENABLE_NS_ASSERTIONS = NO;
				ENABLE_STRICT_OBJC_MSGSEND = YES;
				GCC_C_LANGUAGE_STANDARD = gnu99;
				GCC_NO_COMMON_BLOCKS = YES;
				GCC_WARN_64_TO_32_BIT_CONVERSION = YES;
				GCC_WARN_ABOUT_RETURN_TYPE = YES_ERROR;
				GCC_WARN_UNDECLARED_SELECTOR = YES;
				GCC_WARN_UNINITIALIZED_AUTOS = YES_AGGRESSIVE;
				GCC_WARN_UNUSED_FUNCTION = YES;
				GCC_WARN_UNUSED_VARIABLE = YES;
				IPHONEOS_DEPLOYMENT_TARGET = 10.3;
				MTL_ENABLE_DEBUG_INFO = NO;
				SDKROOT = iphoneos;
				SWIFT_OPTIMIZATION_LEVEL = "-Owholemodule";
				VALIDATE_PRODUCT = YES;
			};
			name = Release;
		};
		B6E754851ECBBE420054BF19 /* Debug */ = {
			isa = XCBuildConfiguration;
			baseConfigurationReference = 65E7FA6551434EBD0106A19B /* Pods-IosCompras.debug.xcconfig */;
			buildSettings = {
				ASSETCATALOG_COMPILER_APPICON_NAME = AppIcon;
				DEVELOPMENT_TEAM = TM2QSAWLP8;
				FRAMEWORK_SEARCH_PATHS = (
					"$(inherited)",
					"$(PROJECT_DIR)/FacebookSDKs-iOS-4",
				);
				INFOPLIST_FILE = IosCompras/Info.plist;
				LD_RUNPATH_SEARCH_PATHS = "$(inherited) @executable_path/Frameworks";
				PRODUCT_BUNDLE_IDENTIFIER = br.com.aguiar.IosCompras;
				PRODUCT_NAME = "$(TARGET_NAME)";
				SWIFT_VERSION = 3.0;
			};
			name = Debug;
		};
		B6E754861ECBBE420054BF19 /* Release */ = {
			isa = XCBuildConfiguration;
			baseConfigurationReference = FE8BD5A72A332A8DDD4EECC0 /* Pods-IosCompras.release.xcconfig */;
			buildSettings = {
				ASSETCATALOG_COMPILER_APPICON_NAME = AppIcon;
				DEVELOPMENT_TEAM = TM2QSAWLP8;
				FRAMEWORK_SEARCH_PATHS = (
					"$(inherited)",
					"$(PROJECT_DIR)/FacebookSDKs-iOS-4",
				);
				INFOPLIST_FILE = IosCompras/Info.plist;
				LD_RUNPATH_SEARCH_PATHS = "$(inherited) @executable_path/Frameworks";
				PRODUCT_BUNDLE_IDENTIFIER = br.com.aguiar.IosCompras;
				PRODUCT_NAME = "$(TARGET_NAME)";
				SWIFT_VERSION = 3.0;
			};
			name = Release;
		};
/* End XCBuildConfiguration section */

/* Begin XCConfigurationList section */
		B6E7546D1ECBBE420054BF19 /* Build configuration list for PBXProject "IosCompras" */ = {
			isa = XCConfigurationList;
			buildConfigurations = (
				B6E754821ECBBE420054BF19 /* Debug */,
				B6E754831ECBBE420054BF19 /* Release */,
			);
			defaultConfigurationIsVisible = 0;
			defaultConfigurationName = Release;
		};
		B6E754841ECBBE420054BF19 /* Build configuration list for PBXNativeTarget "IosCompras" */ = {
			isa = XCConfigurationList;
			buildConfigurations = (
				B6E754851ECBBE420054BF19 /* Debug */,
				B6E754861ECBBE420054BF19 /* Release */,
			);
			defaultConfigurationIsVisible = 0;
			defaultConfigurationName = Release;
		};
/* End XCConfigurationList section */
	};
	rootObject = B6E7546A1ECBBE420054BF19 /* Project object */;
}
